
Microsoft Visual Studio Solution File, Format Version 12.00
# Visual Studio Version 16
VisualStudioVersion = 16.0.30611.23
MinimumVisualStudioVersion = 10.0.40219.1
Project("{FAE04EC0-301F-11D3-BF4B-00C04F79EFBC}") = "TransactionAPI", "TransacctionAPI\TransactionAPI.csproj", "{A06F276A-1AF4-4047-AA48-187E97E5162F}"
EndProject
Project("{FAE04EC0-301F-11D3-BF4B-00C04F79EFBC}") = "Abstractions", "Abstractions\Abstractions.csproj", "{10BBF93D-8E8C-4977-ACDE-E6E530F297B8}"
EndProject
Global
	GlobalSection(SolutionConfigurationPlatforms) = preSolution
		Debug|Any CPU = Debug|Any CPU
		Release|Any CPU = Release|Any CPU
	EndGlobalSection
	GlobalSection(ProjectConfigurationPlatforms) = postSolution
		{A06F276A-1AF4-4047-AA48-187E97E5162F}.Debug|Any CPU.ActiveCfg = Debug|Any CPU
		{A06F276A-1AF4-4047-AA48-187E97E5162F}.Debug|Any CPU.Build.0 = Debug|Any CPU
		{A06F276A-1AF4-4047-AA48-187E97E5162F}.Release|Any CPU.ActiveCfg = Release|Any CPU
		{A06F276A-1AF4-4047-AA48-187E97E5162F}.Release|Any CPU.Build.0 = Release|Any CPU
		{10BBF93D-8E8C-4977-ACDE-E6E530F297B8}.Debug|Any CPU.ActiveCfg = Debug|Any CPU
		{10BBF93D-8E8C-4977-ACDE-E6E530F297B8}.Debug|Any CPU.Build.0 = Debug|Any CPU
		{10BBF93D-8E8C-4977-ACDE-E6E530F297B8}.Release|Any CPU.ActiveCfg = Release|Any CPU
		{10BBF93D-8E8C-4977-ACDE-E6E530F297B8}.Release|Any CPU.Build.0 = Release|Any CPU
	EndGlobalSection
	GlobalSection(SolutionProperties) = preSolution
		HideSolutionNode = FALSE
	EndGlobalSection
	GlobalSection(ExtensibilityGlobals) = postSolution
		SolutionGuid = {01FE7CF6-A641-47F0-A1CD-103FDC6EF198}
	EndGlobalSection
EndGlobal
